
Microsoft Visual Studio Solution File, Format Version 12.00
# Visual Studio Version 17
VisualStudioVersion = 17.13.35825.156 d17.13
MinimumVisualStudioVersion = 10.0.40219.1
Project("{FAE04EC0-301F-11D3-BF4B-00C04F79EFBC}") = "Studentregistreringsprogram", "Studentregistreringsprogram\Studentregistreringsprogram.csproj", "{12CC4278-C416-415B-8ECD-975F2BA1CCC5}"
EndProject
Global
	GlobalSection(SolutionConfigurationPlatforms) = preSolution
		Debug|Any CPU = Debug|Any CPU
		Release|Any CPU = Release|Any CPU
	EndGlobalSection
	GlobalSection(ProjectConfigurationPlatforms) = postSolution
		{12CC4278-C416-415B-8ECD-975F2BA1CCC5}.Debug|Any CPU.ActiveCfg = Debug|Any CPU
		{12CC4278-C416-415B-8ECD-975F2BA1CCC5}.Debug|Any CPU.Build.0 = Debug|Any CPU
		{12CC4278-C416-415B-8ECD-975F2BA1CCC5}.Release|Any CPU.ActiveCfg = Release|Any CPU
		{12CC4278-C416-415B-8ECD-975F2BA1CCC5}.Release|Any CPU.Build.0 = Release|Any CPU
	EndGlobalSection
	GlobalSection(SolutionProperties) = preSolution
		HideSolutionNode = FALSE
	EndGlobalSection
	GlobalSection(ExtensibilityGlobals) = postSolution
		SolutionGuid = {0AEB6538-F0E9-41FC-8377-C23DB516178B}
	EndGlobalSection
EndGlobal
